
Microsoft Visual Studio Solution File, Format Version 12.00
# Visual Studio Version 17
VisualStudioVersion = 17.13.35919.96 d17.13
MinimumVisualStudioVersion = 10.0.40219.1
Project("{FAE04EC0-301F-11D3-BF4B-00C04F79EFBC}") = "Poo1", "Poo1\Poo1.csproj", "{D2063BC7-CBC5-4AEB-8575-7CEEC3337A41}"
EndProject
Global
	GlobalSection(SolutionConfigurationPlatforms) = preSolution
		Debug|Any CPU = Debug|Any CPU
		Release|Any CPU = Release|Any CPU
	EndGlobalSection
	GlobalSection(ProjectConfigurationPlatforms) = postSolution
		{D2063BC7-CBC5-4AEB-8575-7CEEC3337A41}.Debug|Any CPU.ActiveCfg = Debug|Any CPU
		{D2063BC7-CBC5-4AEB-8575-7CEEC3337A41}.Debug|Any CPU.Build.0 = Debug|Any CPU
		{D2063BC7-CBC5-4AEB-8575-7CEEC3337A41}.Release|Any CPU.ActiveCfg = Release|Any CPU
		{D2063BC7-CBC5-4AEB-8575-7CEEC3337A41}.Release|Any CPU.Build.0 = Release|Any CPU
	EndGlobalSection
	GlobalSection(SolutionProperties) = preSolution
		HideSolutionNode = FALSE
	EndGlobalSection
	GlobalSection(ExtensibilityGlobals) = postSolution
		SolutionGuid = {66D06A5E-7645-4FA3-9629-475ED5F9E7A1}
	EndGlobalSection
EndGlobal
